// !$*UTF8*$!
{
	archiveVersion = 1;
	classes = {
	};
	objectVersion = 77;
	objects = {

/* Begin PBXBuildFile section */
		F80297592E02082A007A1F94 /* ComposableArchitecture in Frameworks */ = {isa = PBXBuildFile; productRef = F80297582E02082A007A1F94 /* ComposableArchitecture */; };
		F80297662E020D69007A1F94 /* GraphqlAPI in Frameworks */ = {isa = PBXBuildFile; productRef = F80297652E020D69007A1F94 /* GraphqlAPI */; };
		F84E6E552E01FA5400271C20 /* Apollo in Frameworks */ = {isa = PBXBuildFile; productRef = F84E6E542E01FA5400271C20 /* Apollo */; };
		F84E6E572E01FA5400271C20 /* ApolloAPI in Frameworks */ = {isa = PBXBuildFile; productRef = F84E6E562E01FA5400271C20 /* ApolloAPI */; };
/* End PBXBuildFile section */

/* Begin PBXContainerItemProxy section */
		F84E6E342E01F9AD00271C20 /* PBXContainerItemProxy */ = {
			isa = PBXContainerItemProxy;
			containerPortal = F84E6E1E2E01F9AC00271C20 /* Project object */;
			proxyType = 1;
			remoteGlobalIDString = F84E6E252E01F9AC00271C20;
			remoteInfo = SchwiftyTCA;
		};
/* End PBXContainerItemProxy section */

/* Begin PBXCopyFilesBuildPhase section */
		F80297492E02002C007A1F94 /* CopyFiles */ = {
			isa = PBXCopyFilesBuildPhase;
			buildActionMask = 2147483647;
			dstPath = /usr/share/man/man1/;
			dstSubfolderSpec = 0;
			files = (
			);
			runOnlyForDeploymentPostprocessing = 1;
		};
		F802983F2E03BF28007A1F94 /* Embed Frameworks */ = {
			isa = PBXCopyFilesBuildPhase;
			buildActionMask = 2147483647;
			dstPath = "";
			dstSubfolderSpec = 10;
			files = (
			);
			name = "Embed Frameworks";
			runOnlyForDeploymentPostprocessing = 0;
		};
/* End PBXCopyFilesBuildPhase section */

/* Begin PBXFileReference section */
		F802974B2E02002C007A1F94 /* SchwiftyTCACLI */ = {isa = PBXFileReference; explicitFileType = "compiled.mach-o.executable"; includeInIndex = 0; path = SchwiftyTCACLI; sourceTree = BUILT_PRODUCTS_DIR; };
		F84E6E262E01F9AC00271C20 /* SchwiftyTCA.app */ = {isa = PBXFileReference; explicitFileType = wrapper.application; includeInIndex = 0; path = SchwiftyTCA.app; sourceTree = BUILT_PRODUCTS_DIR; };
		F84E6E332E01F9AD00271C20 /* SchwiftyTCATests.xctest */ = {isa = PBXFileReference; explicitFileType = wrapper.cfbundle; includeInIndex = 0; path = SchwiftyTCATests.xctest; sourceTree = BUILT_PRODUCTS_DIR; };
/* End PBXFileReference section */

/* Begin PBXFileSystemSynchronizedRootGroup section */
		F802974C2E02002C007A1F94 /* SchwiftyTCACLI */ = {
			isa = PBXFileSystemSynchronizedRootGroup;
			path = SchwiftyTCACLI;
			sourceTree = "<group>";
		};
		F84E6E282E01F9AC00271C20 /* SchwiftyTCA */ = {
			isa = PBXFileSystemSynchronizedRootGroup;
			path = SchwiftyTCA;
			sourceTree = "<group>";
		};
		F84E6E362E01F9AD00271C20 /* SchwiftyTCATests */ = {
			isa = PBXFileSystemSynchronizedRootGroup;
			path = SchwiftyTCATests;
			sourceTree = "<group>";
		};
/* End PBXFileSystemSynchronizedRootGroup section */

/* Begin PBXFrameworksBuildPhase section */
		F80297482E02002C007A1F94 /* Frameworks */ = {
			isa = PBXFrameworksBuildPhase;
			buildActionMask = 2147483647;
			files = (
			);
			runOnlyForDeploymentPostprocessing = 0;
		};
		F84E6E232E01F9AC00271C20 /* Frameworks */ = {
			isa = PBXFrameworksBuildPhase;
			buildActionMask = 2147483647;
			files = (
				F84E6E572E01FA5400271C20 /* ApolloAPI in Frameworks */,
				F84E6E552E01FA5400271C20 /* Apollo in Frameworks */,
				F80297592E02082A007A1F94 /* ComposableArchitecture in Frameworks */,
				F80297662E020D69007A1F94 /* GraphqlAPI in Frameworks */,
			);
			runOnlyForDeploymentPostprocessing = 0;
		};
		F84E6E302E01F9AD00271C20 /* Frameworks */ = {
			isa = PBXFrameworksBuildPhase;
			buildActionMask = 2147483647;
			files = (
			);
			runOnlyForDeploymentPostprocessing = 0;
		};
/* End PBXFrameworksBuildPhase section */

/* Begin PBXGroup section */
		F80297642E020D69007A1F94 /* Frameworks */ = {
			isa = PBXGroup;
			children = (
			);
			name = Frameworks;
			sourceTree = "<group>";
		};
		F84E6E1D2E01F9AC00271C20 = {
			isa = PBXGroup;
			children = (
				F802974C2E02002C007A1F94 /* SchwiftyTCACLI */,
				F84E6E282E01F9AC00271C20 /* SchwiftyTCA */,
				F84E6E362E01F9AD00271C20 /* SchwiftyTCATests */,
				F80297642E020D69007A1F94 /* Frameworks */,
				F84E6E272E01F9AC00271C20 /* Products */,
			);
			sourceTree = "<group>";
		};
		F84E6E272E01F9AC00271C20 /* Products */ = {
			isa = PBXGroup;
			children = (
				F84E6E262E01F9AC00271C20 /* SchwiftyTCA.app */,
				F84E6E332E01F9AD00271C20 /* SchwiftyTCATests.xctest */,
				F802974B2E02002C007A1F94 /* SchwiftyTCACLI */,
			);
			name = Products;
			sourceTree = "<group>";
		};
/* End PBXGroup section */

/* Begin PBXNativeTarget section */
		F802974A2E02002C007A1F94 /* SchwiftyTCACLI */ = {
			isa = PBXNativeTarget;
			buildConfigurationList = F802974F2E02002C007A1F94 /* Build configuration list for PBXNativeTarget "SchwiftyTCACLI" */;
			buildPhases = (
				F80297472E02002C007A1F94 /* Sources */,
				F80297482E02002C007A1F94 /* Frameworks */,
				F80297492E02002C007A1F94 /* CopyFiles */,
			);
			buildRules = (
			);
			dependencies = (
			);
			fileSystemSynchronizedGroups = (
				F802974C2E02002C007A1F94 /* SchwiftyTCACLI */,
			);
			name = SchwiftyTCACLI;
			packageProductDependencies = (
			);
			productName = SchwiftyTCACLI;
			productReference = F802974B2E02002C007A1F94 /* SchwiftyTCACLI */;
			productType = "com.apple.product-type.tool";
		};
		F84E6E252E01F9AC00271C20 /* SchwiftyTCA */ = {
			isa = PBXNativeTarget;
			buildConfigurationList = F84E6E472E01F9AD00271C20 /* Build configuration list for PBXNativeTarget "SchwiftyTCA" */;
			buildPhases = (
				F84E6E222E01F9AC00271C20 /* Sources */,
				F84E6E232E01F9AC00271C20 /* Frameworks */,
				F84E6E242E01F9AC00271C20 /* Resources */,
				F802983F2E03BF28007A1F94 /* Embed Frameworks */,
			);
			buildRules = (
			);
			dependencies = (
			);
			fileSystemSynchronizedGroups = (
				F84E6E282E01F9AC00271C20 /* SchwiftyTCA */,
			);
			name = SchwiftyTCA;
			packageProductDependencies = (
				F84E6E542E01FA5400271C20 /* Apollo */,
				F84E6E562E01FA5400271C20 /* ApolloAPI */,
				F80297582E02082A007A1F94 /* ComposableArchitecture */,
				F80297652E020D69007A1F94 /* GraphqlAPI */,
			);
			productName = SchwiftyTCA;
			productReference = F84E6E262E01F9AC00271C20 /* SchwiftyTCA.app */;
			productType = "com.apple.product-type.application";
		};
		F84E6E322E01F9AD00271C20 /* SchwiftyTCATests */ = {
			isa = PBXNativeTarget;
			buildConfigurationList = F84E6E4A2E01F9AD00271C20 /* Build configuration list for PBXNativeTarget "SchwiftyTCATests" */;
			buildPhases = (
				F84E6E2F2E01F9AD00271C20 /* Sources */,
				F84E6E302E01F9AD00271C20 /* Frameworks */,
				F84E6E312E01F9AD00271C20 /* Resources */,
			);
			buildRules = (
			);
			dependencies = (
				F84E6E352E01F9AD00271C20 /* PBXTargetDependency */,
			);
			fileSystemSynchronizedGroups = (
				F84E6E362E01F9AD00271C20 /* SchwiftyTCATests */,
			);
			name = SchwiftyTCATests;
			packageProductDependencies = (
			);
			productName = SchwiftyTCATests;
			productReference = F84E6E332E01F9AD00271C20 /* SchwiftyTCATests.xctest */;
			productType = "com.apple.product-type.bundle.unit-test";
		};
/* End PBXNativeTarget section */

/* Begin PBXProject section */
		F84E6E1E2E01F9AC00271C20 /* Project object */ = {
			isa = PBXProject;
			attributes = {
				BuildIndependentTargetsInParallel = 1;
				LastSwiftUpdateCheck = 1630;
				LastUpgradeCheck = 1630;
				TargetAttributes = {
					F802974A2E02002C007A1F94 = {
						CreatedOnToolsVersion = 16.3;
					};
					F84E6E252E01F9AC00271C20 = {
						CreatedOnToolsVersion = 16.3;
					};
					F84E6E322E01F9AD00271C20 = {
						CreatedOnToolsVersion = 16.3;
						TestTargetID = F84E6E252E01F9AC00271C20;
					};
				};
			};
			buildConfigurationList = F84E6E212E01F9AC00271C20 /* Build configuration list for PBXProject "SchwiftyTCA" */;
			developmentRegion = en;
			hasScannedForEncodings = 0;
			knownRegions = (
				en,
				Base,
			);
			mainGroup = F84E6E1D2E01F9AC00271C20;
			minimizedProjectReferenceProxies = 1;
			packageReferences = (
				F84E6E532E01FA5400271C20 /* XCRemoteSwiftPackageReference "apollo-ios" */,
				F80297572E02082A007A1F94 /* XCRemoteSwiftPackageReference "swift-composable-architecture" */,
			);
			preferredProjectObjectVersion = 77;
			productRefGroup = F84E6E272E01F9AC00271C20 /* Products */;
			projectDirPath = "";
			projectRoot = "";
			targets = (
				F84E6E252E01F9AC00271C20 /* SchwiftyTCA */,
				F84E6E322E01F9AD00271C20 /* SchwiftyTCATests */,
				F802974A2E02002C007A1F94 /* SchwiftyTCACLI */,
			);
		};
/* End PBXProject section */

/* Begin PBXResourcesBuildPhase section */
		F84E6E242E01F9AC00271C20 /* Resources */ = {
			isa = PBXResourcesBuildPhase;
			buildActionMask = 2147483647;
			files = (
			);
			runOnlyForDeploymentPostprocessing = 0;
		};
		F84E6E312E01F9AD00271C20 /* Resources */ = {
			isa = PBXResourcesBuildPhase;
			buildActionMask = 2147483647;
			files = (
			);
			runOnlyForDeploymentPostprocessing = 0;
		};
/* End PBXResourcesBuildPhase section */

/* Begin PBXSourcesBuildPhase section */
		F80297472E02002C007A1F94 /* Sources */ = {
			isa = PBXSourcesBuildPhase;
			buildActionMask = 2147483647;
			files = (
			);
			runOnlyForDeploymentPostprocessing = 0;
		};
		F84E6E222E01F9AC00271C20 /* Sources */ = {
			isa = PBXSourcesBuildPhase;
			buildActionMask = 2147483647;
			files = (
			);
			runOnlyForDeploymentPostprocessing = 0;
		};
		F84E6E2F2E01F9AD00271C20 /* Sources */ = {
			isa = PBXSourcesBuildPhase;
			buildActionMask = 2147483647;
			files = (
			);
			runOnlyForDeploymentPostprocessing = 0;
		};
/* End PBXSourcesBuildPhase section */

/* Begin PBXTargetDependency section */
		F84E6E352E01F9AD00271C20 /* PBXTargetDependency */ = {
			isa = PBXTargetDependency;
			target = F84E6E252E01F9AC00271C20 /* SchwiftyTCA */;
			targetProxy = F84E6E342E01F9AD00271C20 /* PBXContainerItemProxy */;
		};
/* End PBXTargetDependency section */

/* Begin XCBuildConfiguration section */
		F80297502E02002C007A1F94 /* Debug */ = {
			isa = XCBuildConfiguration;
			buildSettings = {
				CODE_SIGN_STYLE = Automatic;
				DEVELOPMENT_TEAM = L944VJ78VR;
				ENABLE_HARDENED_RUNTIME = YES;
				MACOSX_DEPLOYMENT_TARGET = 15.4;
				PRODUCT_NAME = "$(TARGET_NAME)";
				SDKROOT = macosx;
				SWIFT_VERSION = 5.0;
			};
			name = Debug;
		};
		F80297512E02002C007A1F94 /* Release */ = {
			isa = XCBuildConfiguration;
			buildSettings = {
				CODE_SIGN_STYLE = Automatic;
				DEVELOPMENT_TEAM = L944VJ78VR;
				ENABLE_HARDENED_RUNTIME = YES;
				MACOSX_DEPLOYMENT_TARGET = 15.4;
				PRODUCT_NAME = "$(TARGET_NAME)";
				SDKROOT = macosx;
				SWIFT_VERSION = 5.0;
			};
			name = Release;
		};
		F84E6E452E01F9AD00271C20 /* Debug */ = {
			isa = XCBuildConfiguration;
			buildSettings = {
				ALWAYS_SEARCH_USER_PATHS = NO;
				ASSETCATALOG_COMPILER_GENERATE_SWIFT_ASSET_SYMBOL_EXTENSIONS = YES;
				CLANG_ANALYZER_NONNULL = YES;
				CLANG_ANALYZER_NUMBER_OBJECT_CONVERSION = YES_AGGRESSIVE;
				CLANG_CXX_LANGUAGE_STANDARD = "gnu++20";
				CLANG_ENABLE_MODULES = YES;
				CLANG_ENABLE_OBJC_ARC = YES;
				CLANG_ENABLE_OBJC_WEAK = YES;
				CLANG_WARN_BLOCK_CAPTURE_AUTORELEASING = YES;
				CLANG_WARN_BOOL_CONVERSION = YES;
				CLANG_WARN_COMMA = YES;
				CLANG_WARN_CONSTANT_CONVERSION = YES;
				CLANG_WARN_DEPRECATED_OBJC_IMPLEMENTATIONS = YES;
				CLANG_WARN_DIRECT_OBJC_ISA_USAGE = YES_ERROR;
				CLANG_WARN_DOCUMENTATION_COMMENTS = YES;
				CLANG_WARN_EMPTY_BODY = YES;
				CLANG_WARN_ENUM_CONVERSION = YES;
				CLANG_WARN_INFINITE_RECURSION = YES;
				CLANG_WARN_INT_CONVERSION = YES;
				CLANG_WARN_NON_LITERAL_NULL_CONVERSION = YES;
				CLANG_WARN_OBJC_IMPLICIT_RETAIN_SELF = YES;
				CLANG_WARN_OBJC_LITERAL_CONVERSION = YES;
				CLANG_WARN_OBJC_ROOT_CLASS = YES_ERROR;
				CLANG_WARN_QUOTED_INCLUDE_IN_FRAMEWORK_HEADER = YES;
				CLANG_WARN_RANGE_LOOP_ANALYSIS = YES;
				CLANG_WARN_STRICT_PROTOTYPES = YES;
				CLANG_WARN_SUSPICIOUS_MOVE = YES;
				CLANG_WARN_UNGUARDED_AVAILABILITY = YES_AGGRESSIVE;
				CLANG_WARN_UNREACHABLE_CODE = YES;
				CLANG_WARN__DUPLICATE_METHOD_MATCH = YES;
				COPY_PHASE_STRIP = NO;
				DEBUG_INFORMATION_FORMAT = dwarf;
				DEVELOPMENT_TEAM = L944VJ78VR;
				ENABLE_STRICT_OBJC_MSGSEND = YES;
				ENABLE_TESTABILITY = YES;
				ENABLE_USER_SCRIPT_SANDBOXING = YES;
				GCC_C_LANGUAGE_STANDARD = gnu17;
				GCC_DYNAMIC_NO_PIC = NO;
				GCC_NO_COMMON_BLOCKS = YES;
				GCC_OPTIMIZATION_LEVEL = 0;
				GCC_PREPROCESSOR_DEFINITIONS = (
					"DEBUG=1",
					"$(inherited)",
				);
				GCC_WARN_64_TO_32_BIT_CONVERSION = YES;
				GCC_WARN_ABOUT_RETURN_TYPE = YES_ERROR;
				GCC_WARN_UNDECLARED_SELECTOR = YES;
				GCC_WARN_UNINITIALIZED_AUTOS = YES_AGGRESSIVE;
				GCC_WARN_UNUSED_FUNCTION = YES;
				GCC_WARN_UNUSED_VARIABLE = YES;
				IPHONEOS_DEPLOYMENT_TARGET = 18.4;
				LOCALIZATION_PREFERS_STRING_CATALOGS = YES;
				MTL_ENABLE_DEBUG_INFO = INCLUDE_SOURCE;
				MTL_FAST_MATH = YES;
				ONLY_ACTIVE_ARCH = YES;
				SDKROOT = iphoneos;
				SWIFT_ACTIVE_COMPILATION_CONDITIONS = "DEBUG $(inherited)";
				SWIFT_OPTIMIZATION_LEVEL = "-Onone";
			};
			name = Debug;
		};
		F84E6E462E01F9AD00271C20 /* Release */ = {
			isa = XCBuildConfiguration;
			buildSettings = {
				ALWAYS_SEARCH_USER_PATHS = NO;
				ASSETCATALOG_COMPILER_GENERATE_SWIFT_ASSET_SYMBOL_EXTENSIONS = YES;
				CLANG_ANALYZER_NONNULL = YES;
				CLANG_ANALYZER_NUMBER_OBJECT_CONVERSION = YES_AGGRESSIVE;
				CLANG_CXX_LANGUAGE_STANDARD = "gnu++20";
				CLANG_ENABLE_MODULES = YES;
				CLANG_ENABLE_OBJC_ARC = YES;
				CLANG_ENABLE_OBJC_WEAK = YES;
				CLANG_WARN_BLOCK_CAPTURE_AUTORELEASING = YES;
				CLANG_WARN_BOOL_CONVERSION = YES;
				CLANG_WARN_COMMA = YES;
				CLANG_WARN_CONSTANT_CONVERSION = YES;
				CLANG_WARN_DEPRECATED_OBJC_IMPLEMENTATIONS = YES;
				CLANG_WARN_DIRECT_OBJC_ISA_USAGE = YES_ERROR;
				CLANG_WARN_DOCUMENTATION_COMMENTS = YES;
				CLANG_WARN_EMPTY_BODY = YES;
				CLANG_WARN_ENUM_CONVERSION = YES;
				CLANG_WARN_INFINITE_RECURSION = YES;
				CLANG_WARN_INT_CONVERSION = YES;
				CLANG_WARN_NON_LITERAL_NULL_CONVERSION = YES;
				CLANG_WARN_OBJC_IMPLICIT_RETAIN_SELF = YES;
				CLANG_WARN_OBJC_LITERAL_CONVERSION = YES;
				CLANG_WARN_OBJC_ROOT_CLASS = YES_ERROR;
				CLANG_WARN_QUOTED_INCLUDE_IN_FRAMEWORK_HEADER = YES;
				CLANG_WARN_RANGE_LOOP_ANALYSIS = YES;
				CLANG_WARN_STRICT_PROTOTYPES = YES;
				CLANG_WARN_SUSPICIOUS_MOVE = YES;
				CLANG_WARN_UNGUARDED_AVAILABILITY = YES_AGGRESSIVE;
				CLANG_WARN_UNREACHABLE_CODE = YES;
				CLANG_WARN__DUPLICATE_METHOD_MATCH = YES;
				COPY_PHASE_STRIP = NO;
				DEBUG_INFORMATION_FORMAT = "dwarf-with-dsym";
				DEVELOPMENT_TEAM = L944VJ78VR;
				ENABLE_NS_ASSERTIONS = NO;
				ENABLE_STRICT_OBJC_MSGSEND = YES;
				ENABLE_USER_SCRIPT_SANDBOXING = YES;
				GCC_C_LANGUAGE_STANDARD = gnu17;
				GCC_NO_COMMON_BLOCKS = YES;
				GCC_WARN_64_TO_32_BIT_CONVERSION = YES;
				GCC_WARN_ABOUT_RETURN_TYPE = YES_ERROR;
				GCC_WARN_UNDECLARED_SELECTOR = YES;
				GCC_WARN_UNINITIALIZED_AUTOS = YES_AGGRESSIVE;
				GCC_WARN_UNUSED_FUNCTION = YES;
				GCC_WARN_UNUSED_VARIABLE = YES;
				IPHONEOS_DEPLOYMENT_TARGET = 18.4;
				LOCALIZATION_PREFERS_STRING_CATALOGS = YES;
				MTL_ENABLE_DEBUG_INFO = NO;
				MTL_FAST_MATH = YES;
				SDKROOT = iphoneos;
				SWIFT_COMPILATION_MODE = wholemodule;
				VALIDATE_PRODUCT = YES;
			};
			name = Release;
		};
		F84E6E482E01F9AD00271C20 /* Debug */ = {
			isa = XCBuildConfiguration;
			buildSettings = {
				ASSETCATALOG_COMPILER_APPICON_NAME = AppIcon;
				ASSETCATALOG_COMPILER_GLOBAL_ACCENT_COLOR_NAME = AccentColor;
				CODE_SIGN_STYLE = Automatic;
				CURRENT_PROJECT_VERSION = 1;
				DEVELOPMENT_TEAM = L944VJ78VR;
				ENABLE_PREVIEWS = YES;
				GENERATE_INFOPLIST_FILE = YES;
				INFOPLIST_KEY_UIApplicationSceneManifest_Generation = YES;
				INFOPLIST_KEY_UIApplicationSupportsIndirectInputEvents = YES;
				INFOPLIST_KEY_UILaunchScreen_Generation = YES;
				INFOPLIST_KEY_UISupportedInterfaceOrientations_iPad = "UIInterfaceOrientationPortrait UIInterfaceOrientationPortraitUpsideDown UIInterfaceOrientationLandscapeLeft UIInterfaceOrientationLandscapeRight";
				INFOPLIST_KEY_UISupportedInterfaceOrientations_iPhone = "UIInterfaceOrientationPortrait UIInterfaceOrientationLandscapeLeft UIInterfaceOrientationLandscapeRight";
				LD_RUNPATH_SEARCH_PATHS = (
					"$(inherited)",
					"@executable_path/Frameworks",
				);
				MARKETING_VERSION = 1.0;
				PRODUCT_BUNDLE_IDENTIFIER = dev.swiftgraph.SchwiftyTCA;
				PRODUCT_NAME = "$(TARGET_NAME)";
				SWIFT_EMIT_LOC_STRINGS = YES;
				SWIFT_VERSION = 5.0;
				TARGETED_DEVICE_FAMILY = "1,2";
			};
			name = Debug;
		};
		F84E6E492E01F9AD00271C20 /* Release */ = {
			isa = XCBuildConfiguration;
			buildSettings = {
				ASSETCATALOG_COMPILER_APPICON_NAME = AppIcon;
				ASSETCATALOG_COMPILER_GLOBAL_ACCENT_COLOR_NAME = AccentColor;
				CODE_SIGN_STYLE = Automatic;
				CURRENT_PROJECT_VERSION = 1;
				DEVELOPMENT_TEAM = L944VJ78VR;
				ENABLE_PREVIEWS = YES;
				GENERATE_INFOPLIST_FILE = YES;
				INFOPLIST_KEY_UIApplicationSceneManifest_Generation = YES;
				INFOPLIST_KEY_UIApplicationSupportsIndirectInputEvents = YES;
				INFOPLIST_KEY_UILaunchScreen_Generation = YES;
				INFOPLIST_KEY_UISupportedInterfaceOrientations_iPad = "UIInterfaceOrientationPortrait UIInterfaceOrientationPortraitUpsideDown UIInterfaceOrientationLandscapeLeft UIInterfaceOrientationLandscapeRight";
				INFOPLIST_KEY_UISupportedInterfaceOrientations_iPhone = "UIInterfaceOrientationPortrait UIInterfaceOrientationLandscapeLeft UIInterfaceOrientationLandscapeRight";
				LD_RUNPATH_SEARCH_PATHS = (
					"$(inherited)",
					"@executable_path/Frameworks",
				);
				MARKETING_VERSION = 1.0;
				PRODUCT_BUNDLE_IDENTIFIER = dev.swiftgraph.SchwiftyTCA;
				PRODUCT_NAME = "$(TARGET_NAME)";
				SWIFT_EMIT_LOC_STRINGS = YES;
				SWIFT_VERSION = 5.0;
				TARGETED_DEVICE_FAMILY = "1,2";
			};
			name = Release;
		};
		F84E6E4B2E01F9AD00271C20 /* Debug */ = {
			isa = XCBuildConfiguration;
			buildSettings = {
				BUNDLE_LOADER = "$(TEST_HOST)";
				CODE_SIGN_STYLE = Automatic;
				CURRENT_PROJECT_VERSION = 1;
				DEVELOPMENT_TEAM = L944VJ78VR;
				GENERATE_INFOPLIST_FILE = YES;
				IPHONEOS_DEPLOYMENT_TARGET = 18.4;
				MARKETING_VERSION = 1.0;
				PRODUCT_BUNDLE_IDENTIFIER = dev.swiftgraph.SchwiftyTCATests;
				PRODUCT_NAME = "$(TARGET_NAME)";
				SWIFT_EMIT_LOC_STRINGS = NO;
				SWIFT_VERSION = 5.0;
				TARGETED_DEVICE_FAMILY = "1,2";
				TEST_HOST = "$(BUILT_PRODUCTS_DIR)/SchwiftyTCA.app/$(BUNDLE_EXECUTABLE_FOLDER_PATH)/SchwiftyTCA";
			};
			name = Debug;
		};
		F84E6E4C2E01F9AD00271C20 /* Release */ = {
			isa = XCBuildConfiguration;
			buildSettings = {
				BUNDLE_LOADER = "$(TEST_HOST)";
				CODE_SIGN_STYLE = Automatic;
				CURRENT_PROJECT_VERSION = 1;
				DEVELOPMENT_TEAM = L944VJ78VR;
				GENERATE_INFOPLIST_FILE = YES;
				IPHONEOS_DEPLOYMENT_TARGET = 18.4;
				MARKETING_VERSION = 1.0;
				PRODUCT_BUNDLE_IDENTIFIER = dev.swiftgraph.SchwiftyTCATests;
				PRODUCT_NAME = "$(TARGET_NAME)";
				SWIFT_EMIT_LOC_STRINGS = NO;
				SWIFT_VERSION = 5.0;
				TARGETED_DEVICE_FAMILY = "1,2";
				TEST_HOST = "$(BUILT_PRODUCTS_DIR)/SchwiftyTCA.app/$(BUNDLE_EXECUTABLE_FOLDER_PATH)/SchwiftyTCA";
			};
			name = Release;
		};
/* End XCBuildConfiguration section */

/* Begin XCConfigurationList section */
		F802974F2E02002C007A1F94 /* Build configuration list for PBXNativeTarget "SchwiftyTCACLI" */ = {
			isa = XCConfigurationList;
			buildConfigurations = (
				F80297502E02002C007A1F94 /* Debug */,
				F80297512E02002C007A1F94 /* Release */,
			);
			defaultConfigurationIsVisible = 0;
			defaultConfigurationName = Release;
		};
		F84E6E212E01F9AC00271C20 /* Build configuration list for PBXProject "SchwiftyTCA" */ = {
			isa = XCConfigurationList;
			buildConfigurations = (
				F84E6E452E01F9AD00271C20 /* Debug */,
				F84E6E462E01F9AD00271C20 /* Release */,
			);
			defaultConfigurationIsVisible = 0;
			defaultConfigurationName = Release;
		};
		F84E6E472E01F9AD00271C20 /* Build configuration list for PBXNativeTarget "SchwiftyTCA" */ = {
			isa = XCConfigurationList;
			buildConfigurations = (
				F84E6E482E01F9AD00271C20 /* Debug */,
				F84E6E492E01F9AD00271C20 /* Release */,
			);
			defaultConfigurationIsVisible = 0;
			defaultConfigurationName = Release;
		};
		F84E6E4A2E01F9AD00271C20 /* Build configuration list for PBXNativeTarget "SchwiftyTCATests" */ = {
			isa = XCConfigurationList;
			buildConfigurations = (
				F84E6E4B2E01F9AD00271C20 /* Debug */,
				F84E6E4C2E01F9AD00271C20 /* Release */,
			);
			defaultConfigurationIsVisible = 0;
			defaultConfigurationName = Release;
		};
/* End XCConfigurationList section */

/* Begin XCRemoteSwiftPackageReference section */
		F80297572E02082A007A1F94 /* XCRemoteSwiftPackageReference "swift-composable-architecture" */ = {
			isa = XCRemoteSwiftPackageReference;
			repositoryURL = "https://github.com/pointfreeco/swift-composable-architecture";
			requirement = {
				kind = upToNextMajorVersion;
				minimumVersion = 1.20.2;
			};
		};
		F84E6E532E01FA5400271C20 /* XCRemoteSwiftPackageReference "apollo-ios" */ = {
			isa = XCRemoteSwiftPackageReference;
			repositoryURL = "https://github.com/apollographql/apollo-ios.git";
			requirement = {
				kind = upToNextMajorVersion;
				minimumVersion = 1.22.0;
			};
		};
/* End XCRemoteSwiftPackageReference section */

/* Begin XCSwiftPackageProductDependency section */
		F80297582E02082A007A1F94 /* ComposableArchitecture */ = {
			isa = XCSwiftPackageProductDependency;
			package = F80297572E02082A007A1F94 /* XCRemoteSwiftPackageReference "swift-composable-architecture" */;
			productName = ComposableArchitecture;
		};
		F80297652E020D69007A1F94 /* GraphqlAPI */ = {
			isa = XCSwiftPackageProductDependency;
			productName = GraphqlAPI;
		};
		F84E6E542E01FA5400271C20 /* Apollo */ = {
			isa = XCSwiftPackageProductDependency;
			package = F84E6E532E01FA5400271C20 /* XCRemoteSwiftPackageReference "apollo-ios" */;
			productName = Apollo;
		};
		F84E6E562E01FA5400271C20 /* ApolloAPI */ = {
			isa = XCSwiftPackageProductDependency;
			package = F84E6E532E01FA5400271C20 /* XCRemoteSwiftPackageReference "apollo-ios" */;
			productName = ApolloAPI;
		};
/* End XCSwiftPackageProductDependency section */
	};
	rootObject = F84E6E1E2E01F9AC00271C20 /* Project object */;
}
